{
  "name": "angular-zorro-chimy",
  "version": "0.0.0",
  "lockfileVersion": 1,
  "requires": true,
  "dependencies": {
    "@angular/cdk": {
      "version": "2.0.0-beta.12",
      "resolved": "http://registry.npm.taobao.org/@angular/cdk/download/@angular/cdk-2.0.0-beta.12.tgz",
      "integrity": "sha1-OiQ8tiuT9OA5EgunD5ANyeI1Yi4=",
      "requires": {
        "tslib": "1.8.0"
      }
    },
    "moment": {
      "version": "2.19.2",
      "resolved": "http://registry.npm.taobao.org/moment/download/moment-2.19.2.tgz",
      "integrity": "sha1-in93TJWmRVC0x+vUlmg5CPlBnb4="
    },
    "ng-zorro-antd": {
      "version": "0.6.0-rc.3",
      "resolved": "http://registry.npm.taobao.org/ng-zorro-antd/download/ng-zorro-antd-0.6.0-rc.3.tgz",
      "integrity": "sha1-z3g+c/qEAygydO33V/Ehr47rm9E=",
      "requires": {
        "@angular/cdk": "2.0.0-beta.12",
        "moment": "2.19.2",
        "tslib": "1.8.0"
      }
    },
    "tslib": {
      "version": "1.8.0",
      "resolved": "http://registry.npm.taobao.org/tslib/download/tslib-1.8.0.tgz",
      "integrity": "sha1-3GBOutZLy/aW1hPabJVKoOfqHrY="
    }
  }
}
